
Microsoft Visual Studio Solution File, Format Version 12.00
# Visual Studio Version 17
VisualStudioVersion = 17.8.34330.188
MinimumVisualStudioVersion = 10.0.40219.1
Project("{9A19103F-16F7-4668-BE54-9A1E7A4F7556}") = "AutoSchedule", "AutoSchedule\AutoSchedule.csproj", "{51F1968F-82D2-4F31-9B99-D5E2EB588EF8}"
EndProject
Project("{FAE04EC0-301F-11D3-BF4B-00C04F79EFBC}") = "AutoSchedule.DAL", "AutoSchedule.DAL\AutoSchedule.DAL.csproj", "{47575359-012D-4D6D-8F15-64479084E2E3}"
EndProject
Project("{FAE04EC0-301F-11D3-BF4B-00C04F79EFBC}") = "AutoSchedule.BLL", "AutoSchedule.BLL\AutoSchedule.BLL.csproj", "{BC8C96DF-28FF-4AC7-A0AC-D01A7278888B}"
EndProject
Project("{FAE04EC0-301F-11D3-BF4B-00C04F79EFBC}") = "AutoSchedule.Domain", "AutoSchedule.Domain\AutoSchedule.Domain.csproj", "{1AF23D72-D7CB-4609-B95F-3BABE609AEC7}"
EndProject
Global
	GlobalSection(SolutionConfigurationPlatforms) = preSolution
		Debug|Any CPU = Debug|Any CPU
		Release|Any CPU = Release|Any CPU
	EndGlobalSection
	GlobalSection(ProjectConfigurationPlatforms) = postSolution
		{51F1968F-82D2-4F31-9B99-D5E2EB588EF8}.Debug|Any CPU.ActiveCfg = Debug|Any CPU
		{51F1968F-82D2-4F31-9B99-D5E2EB588EF8}.Debug|Any CPU.Build.0 = Debug|Any CPU
		{51F1968F-82D2-4F31-9B99-D5E2EB588EF8}.Release|Any CPU.ActiveCfg = Release|Any CPU
		{51F1968F-82D2-4F31-9B99-D5E2EB588EF8}.Release|Any CPU.Build.0 = Release|Any CPU
		{47575359-012D-4D6D-8F15-64479084E2E3}.Debug|Any CPU.ActiveCfg = Debug|Any CPU
		{47575359-012D-4D6D-8F15-64479084E2E3}.Debug|Any CPU.Build.0 = Debug|Any CPU
		{47575359-012D-4D6D-8F15-64479084E2E3}.Release|Any CPU.ActiveCfg = Release|Any CPU
		{47575359-012D-4D6D-8F15-64479084E2E3}.Release|Any CPU.Build.0 = Release|Any CPU
		{BC8C96DF-28FF-4AC7-A0AC-D01A7278888B}.Debug|Any CPU.ActiveCfg = Debug|Any CPU
		{BC8C96DF-28FF-4AC7-A0AC-D01A7278888B}.Debug|Any CPU.Build.0 = Debug|Any CPU
		{BC8C96DF-28FF-4AC7-A0AC-D01A7278888B}.Release|Any CPU.ActiveCfg = Release|Any CPU
		{BC8C96DF-28FF-4AC7-A0AC-D01A7278888B}.Release|Any CPU.Build.0 = Release|Any CPU
		{1AF23D72-D7CB-4609-B95F-3BABE609AEC7}.Debug|Any CPU.ActiveCfg = Debug|Any CPU
		{1AF23D72-D7CB-4609-B95F-3BABE609AEC7}.Debug|Any CPU.Build.0 = Debug|Any CPU
		{1AF23D72-D7CB-4609-B95F-3BABE609AEC7}.Release|Any CPU.ActiveCfg = Release|Any CPU
		{1AF23D72-D7CB-4609-B95F-3BABE609AEC7}.Release|Any CPU.Build.0 = Release|Any CPU
	EndGlobalSection
	GlobalSection(SolutionProperties) = preSolution
		HideSolutionNode = FALSE
	EndGlobalSection
	GlobalSection(ExtensibilityGlobals) = postSolution
		SolutionGuid = {7EB13C9B-AB65-4865-B682-A2B3BD6EC345}
	EndGlobalSection
EndGlobal
